
Microsoft Visual Studio Solution File, Format Version 12.00
# Visual Studio 15
VisualStudioVersion = 15.0.26124.0
MinimumVisualStudioVersion = 15.0.26124.0
Project("{FAE04EC0-301F-11D3-BF4B-00C04F79EFBC}") = "DummyFileBasedCms.Web", "src\DummyFileBasedCms.Web\DummyFileBasedCms.Web.csproj", "{1B61AB1C-AD88-48BF-A355-CAC4B34B9A27}"
EndProject
Global
	GlobalSection(SolutionConfigurationPlatforms) = preSolution
		Debug|Any CPU = Debug|Any CPU
		Debug|x64 = Debug|x64
		Debug|x86 = Debug|x86
		Release|Any CPU = Release|Any CPU
		Release|x64 = Release|x64
		Release|x86 = Release|x86
	EndGlobalSection
	GlobalSection(ProjectConfigurationPlatforms) = postSolution
		{1B61AB1C-AD88-48BF-A355-CAC4B34B9A27}.Debug|Any CPU.ActiveCfg = Debug|Any CPU
		{1B61AB1C-AD88-48BF-A355-CAC4B34B9A27}.Debug|Any CPU.Build.0 = Debug|Any CPU
		{1B61AB1C-AD88-48BF-A355-CAC4B34B9A27}.Debug|x64.ActiveCfg = Debug|Any CPU
		{1B61AB1C-AD88-48BF-A355-CAC4B34B9A27}.Debug|x64.Build.0 = Debug|Any CPU
		{1B61AB1C-AD88-48BF-A355-CAC4B34B9A27}.Debug|x86.ActiveCfg = Debug|Any CPU
		{1B61AB1C-AD88-48BF-A355-CAC4B34B9A27}.Debug|x86.Build.0 = Debug|Any CPU
		{1B61AB1C-AD88-48BF-A355-CAC4B34B9A27}.Release|Any CPU.ActiveCfg = Release|Any CPU
		{1B61AB1C-AD88-48BF-A355-CAC4B34B9A27}.Release|Any CPU.Build.0 = Release|Any CPU
		{1B61AB1C-AD88-48BF-A355-CAC4B34B9A27}.Release|x64.ActiveCfg = Release|Any CPU
		{1B61AB1C-AD88-48BF-A355-CAC4B34B9A27}.Release|x64.Build.0 = Release|Any CPU
		{1B61AB1C-AD88-48BF-A355-CAC4B34B9A27}.Release|x86.ActiveCfg = Release|Any CPU
		{1B61AB1C-AD88-48BF-A355-CAC4B34B9A27}.Release|x86.Build.0 = Release|Any CPU
	EndGlobalSection
	GlobalSection(SolutionProperties) = preSolution
		HideSolutionNode = FALSE
	EndGlobalSection
	GlobalSection(ExtensibilityGlobals) = postSolution
		SolutionGuid = {21528A4D-83EA-41AF-8097-B58FBB32BBB3}
	EndGlobalSection
EndGlobal
